{
    "_meta": {
        "hash": {
            "sha256": "efbbda6489d12e8e9c449347bdc95179717bdec9f74b0b50c02d7c0208a84555"
        },
        "pipfile-spec": 6,
        "requires": {
            "python_version": "3.8"
        },
        "sources": [
            {
                "name": "pypi",
                "url": "https://pypi.org/simple",
                "verify_ssl": true
            }
        ]
    },
    "default": {
        "sklearn": {
            "hashes": [
                "sha256:0e81ec9c32d4bb418e7be8f1ec1027d174975502dc84cbc4f4564b4cba31e674"
            ],
            "index": "pypi",
            "version": "==0.0.post4"
        }
    },
    "develop": {}
}
